
Microsoft Visual Studio Solution File, Format Version 12.00
# Visual Studio Version 16
VisualStudioVersion = 16.0.30309.148
MinimumVisualStudioVersion = 10.0.40219.1
Project("{FAE04EC0-301F-11D3-BF4B-00C04F79EFBC}") = "AutoCAD_Windows", "AutoCAD_Windows\AutoCAD_Windows.csproj", "{F5D25712-5584-495C-9925-9A832638EA14}"
EndProject
Project("{FAE04EC0-301F-11D3-BF4B-00C04F79EFBC}") = "Tester", "Tester\Tester.csproj", "{BF932C84-F12D-4F96-83D7-3A27B716C738}"
EndProject
Global
	GlobalSection(SolutionConfigurationPlatforms) = preSolution
		Debug|Any CPU = Debug|Any CPU
		Release|Any CPU = Release|Any CPU
	EndGlobalSection
	GlobalSection(ProjectConfigurationPlatforms) = postSolution
		{F5D25712-5584-495C-9925-9A832638EA14}.Debug|Any CPU.ActiveCfg = Debug|Any CPU
		{F5D25712-5584-495C-9925-9A832638EA14}.Debug|Any CPU.Build.0 = Debug|Any CPU
		{F5D25712-5584-495C-9925-9A832638EA14}.Release|Any CPU.ActiveCfg = Release|Any CPU
		{F5D25712-5584-495C-9925-9A832638EA14}.Release|Any CPU.Build.0 = Release|Any CPU
		{BF932C84-F12D-4F96-83D7-3A27B716C738}.Debug|Any CPU.ActiveCfg = Debug|Any CPU
		{BF932C84-F12D-4F96-83D7-3A27B716C738}.Debug|Any CPU.Build.0 = Debug|Any CPU
		{BF932C84-F12D-4F96-83D7-3A27B716C738}.Release|Any CPU.ActiveCfg = Release|Any CPU
		{BF932C84-F12D-4F96-83D7-3A27B716C738}.Release|Any CPU.Build.0 = Release|Any CPU
	EndGlobalSection
	GlobalSection(SolutionProperties) = preSolution
		HideSolutionNode = FALSE
	EndGlobalSection
	GlobalSection(ExtensibilityGlobals) = postSolution
		SolutionGuid = {C0734957-C7C6-4071-8DAF-63A16C7D7C99}
	EndGlobalSection
EndGlobal
